
Microsoft Visual Studio Solution File, Format Version 12.00
# Visual Studio Version 17
VisualStudioVersion = 17.5.2.0
MinimumVisualStudioVersion = 10.0.40219.1
Project("{FAE04EC0-301F-11D3-BF4B-00C04F79EFBC}") = "azure-contributions-api", "azure-contributions-api.csproj", "{1A56C602-6850-4F57-8218-38C579C3BAA7}"
EndProject
Global
	GlobalSection(SolutionConfigurationPlatforms) = preSolution
		Debug|Any CPU = Debug|Any CPU
		Debug|x64 = Debug|x64
		Debug|x86 = Debug|x86
		Release|Any CPU = Release|Any CPU
		Release|x64 = Release|x64
		Release|x86 = Release|x86
	EndGlobalSection
	GlobalSection(ProjectConfigurationPlatforms) = postSolution
		{1A56C602-6850-4F57-8218-38C579C3BAA7}.Debug|Any CPU.ActiveCfg = Debug|Any CPU
		{1A56C602-6850-4F57-8218-38C579C3BAA7}.Debug|Any CPU.Build.0 = Debug|Any CPU
		{1A56C602-6850-4F57-8218-38C579C3BAA7}.Debug|x64.ActiveCfg = Debug|Any CPU
		{1A56C602-6850-4F57-8218-38C579C3BAA7}.Debug|x64.Build.0 = Debug|Any CPU
		{1A56C602-6850-4F57-8218-38C579C3BAA7}.Debug|x86.ActiveCfg = Debug|Any CPU
		{1A56C602-6850-4F57-8218-38C579C3BAA7}.Debug|x86.Build.0 = Debug|Any CPU
		{1A56C602-6850-4F57-8218-38C579C3BAA7}.Release|Any CPU.ActiveCfg = Release|Any CPU
		{1A56C602-6850-4F57-8218-38C579C3BAA7}.Release|Any CPU.Build.0 = Release|Any CPU
		{1A56C602-6850-4F57-8218-38C579C3BAA7}.Release|x64.ActiveCfg = Release|Any CPU
		{1A56C602-6850-4F57-8218-38C579C3BAA7}.Release|x64.Build.0 = Release|Any CPU
		{1A56C602-6850-4F57-8218-38C579C3BAA7}.Release|x86.ActiveCfg = Release|Any CPU
		{1A56C602-6850-4F57-8218-38C579C3BAA7}.Release|x86.Build.0 = Release|Any CPU
	EndGlobalSection
	GlobalSection(SolutionProperties) = preSolution
		HideSolutionNode = FALSE
	EndGlobalSection
	GlobalSection(ExtensibilityGlobals) = postSolution
		SolutionGuid = {22006B16-6335-44ED-B650-D666AB51DC51}
	EndGlobalSection
EndGlobal
